// !$*UTF8*$!
{
	archiveVersion = 1;
	classes = {
	};
	objectVersion = 50;
	objects = {

/* Begin PBXBuildFile section */
		26F478192214EF3F008041A2 /* SATextField.swift in Sources */ = {isa = PBXBuildFile; fileRef = 26F478172214EF3F008041A2 /* SATextField.swift */; };
		26F4781A2214EF3F008041A2 /* SAButton.swift in Sources */ = {isa = PBXBuildFile; fileRef = 26F478182214EF3F008041A2 /* SAButton.swift */; };
		26F4782822151DF7008041A2 /* ViewController2.swift in Sources */ = {isa = PBXBuildFile; fileRef = 26F4782722151DF7008041A2 /* ViewController2.swift */; };
		26F4782922151DF7008041A2 /* ViewController2.swift in Sources */ = {isa = PBXBuildFile; fileRef = 26F4782722151DF7008041A2 /* ViewController2.swift */; };
		26F4782B2215DE5C008041A2 /* ViewController5.swift in Sources */ = {isa = PBXBuildFile; fileRef = 26F4782A2215DE5C008041A2 /* ViewController5.swift */; };
		26F4782C2215DE5C008041A2 /* ViewController5.swift in Sources */ = {isa = PBXBuildFile; fileRef = 26F4782A2215DE5C008041A2 /* ViewController5.swift */; };
		26F4782E2215FD99008041A2 /* Foods.swift in Sources */ = {isa = PBXBuildFile; fileRef = 26F4782D2215FD99008041A2 /* Foods.swift */; };
		26F4782F2215FD99008041A2 /* Foods.swift in Sources */ = {isa = PBXBuildFile; fileRef = 26F4782D2215FD99008041A2 /* Foods.swift */; };
		26F47831221747F7008041A2 /* ViewController3.swift in Sources */ = {isa = PBXBuildFile; fileRef = 26F47830221747F7008041A2 /* ViewController3.swift */; };
		26F47832221747F7008041A2 /* ViewController3.swift in Sources */ = {isa = PBXBuildFile; fileRef = 26F47830221747F7008041A2 /* ViewController3.swift */; };
		26F47834221749E9008041A2 /* ViewController.swift in Sources */ = {isa = PBXBuildFile; fileRef = 26FA48BA2214D0F000546C41 /* ViewController.swift */; };
		26F4783622174EE8008041A2 /* ViewController4.swift in Sources */ = {isa = PBXBuildFile; fileRef = 26F4783522174EE8008041A2 /* ViewController4.swift */; };
		26F4783722174EE8008041A2 /* ViewController4.swift in Sources */ = {isa = PBXBuildFile; fileRef = 26F4783522174EE8008041A2 /* ViewController4.swift */; };
		26FA48B92214D0F000546C41 /* AppDelegate.swift in Sources */ = {isa = PBXBuildFile; fileRef = 26FA48B82214D0F000546C41 /* AppDelegate.swift */; };
		26FA48BB2214D0F000546C41 /* ViewController.swift in Sources */ = {isa = PBXBuildFile; fileRef = 26FA48BA2214D0F000546C41 /* ViewController.swift */; };
		26FA48BE2214D0F000546C41 /* Main.storyboard in Resources */ = {isa = PBXBuildFile; fileRef = 26FA48BC2214D0F000546C41 /* Main.storyboard */; };
		26FA48C02214D0F000546C41 /* Assets.xcassets in Resources */ = {isa = PBXBuildFile; fileRef = 26FA48BF2214D0F000546C41 /* Assets.xcassets */; };
		26FA48C32214D0F000546C41 /* LaunchScreen.storyboard in Resources */ = {isa = PBXBuildFile; fileRef = 26FA48C12214D0F000546C41 /* LaunchScreen.storyboard */; };
		26FA48CE2214D0F000546C41 /* MacroTackerTests.swift in Sources */ = {isa = PBXBuildFile; fileRef = 26FA48CD2214D0F000546C41 /* MacroTackerTests.swift */; };
		26FA48D92214D13E00546C41 /* GoogleService-Info.plist in Resources */ = {isa = PBXBuildFile; fileRef = 26FA48D82214D13E00546C41 /* GoogleService-Info.plist */; };
		26FA48DA2214D13E00546C41 /* GoogleService-Info.plist in Resources */ = {isa = PBXBuildFile; fileRef = 26FA48D82214D13E00546C41 /* GoogleService-Info.plist */; };
		7E497BF905C1BB6EBF14D10C /* Pods_MacroTacker.framework in Frameworks */ = {isa = PBXBuildFile; fileRef = 75D31996F1A3069F2A7C97B7 /* Pods_MacroTacker.framework */; };
		7ED46BC106F8D3F9EA778907 /* Pods_MacroTackerTests.framework in Frameworks */ = {isa = PBXBuildFile; fileRef = 299F4AEA786D16DBB6219927 /* Pods_MacroTackerTests.framework */; };
/* End PBXBuildFile section */

/* Begin PBXContainerItemProxy section */
		26FA48CA2214D0F000546C41 /* PBXContainerItemProxy */ = {
			isa = PBXContainerItemProxy;
			containerPortal = 26FA48AD2214D0F000546C41 /* Project object */;
			proxyType = 1;
			remoteGlobalIDString = 26FA48B42214D0F000546C41;
			remoteInfo = MacroTacker;
		};
/* End PBXContainerItemProxy section */

/* Begin PBXFileReference section */
		26F478172214EF3F008041A2 /* SATextField.swift */ = {isa = PBXFileReference; fileEncoding = 4; lastKnownFileType = sourcecode.swift; path = SATextField.swift; sourceTree = "<group>"; };
		26F478182214EF3F008041A2 /* SAButton.swift */ = {isa = PBXFileReference; fileEncoding = 4; lastKnownFileType = sourcecode.swift; path = SAButton.swift; sourceTree = "<group>"; };
		26F4782722151DF7008041A2 /* ViewController2.swift */ = {isa = PBXFileReference; lastKnownFileType = sourcecode.swift; path = ViewController2.swift; sourceTree = "<group>"; };
		26F4782A2215DE5C008041A2 /* ViewController5.swift */ = {isa = PBXFileReference; lastKnownFileType = sourcecode.swift; path = ViewController5.swift; sourceTree = "<group>"; };
		26F4782D2215FD99008041A2 /* Foods.swift */ = {isa = PBXFileReference; lastKnownFileType = sourcecode.swift; path = Foods.swift; sourceTree = "<group>"; };
		26F47830221747F7008041A2 /* ViewController3.swift */ = {isa = PBXFileReference; lastKnownFileType = sourcecode.swift; path = ViewController3.swift; sourceTree = "<group>"; };
		26F4783522174EE8008041A2 /* ViewController4.swift */ = {isa = PBXFileReference; lastKnownFileType = sourcecode.swift; path = ViewController4.swift; sourceTree = "<group>"; };
		26FA48B52214D0F000546C41 /* MacroTacker.app */ = {isa = PBXFileReference; explicitFileType = wrapper.application; includeInIndex = 0; path = MacroTacker.app; sourceTree = BUILT_PRODUCTS_DIR; };
		26FA48B82214D0F000546C41 /* AppDelegate.swift */ = {isa = PBXFileReference; lastKnownFileType = sourcecode.swift; path = AppDelegate.swift; sourceTree = "<group>"; };
		26FA48BA2214D0F000546C41 /* ViewController.swift */ = {isa = PBXFileReference; lastKnownFileType = sourcecode.swift; path = ViewController.swift; sourceTree = "<group>"; };
		26FA48BD2214D0F000546C41 /* Base */ = {isa = PBXFileReference; lastKnownFileType = file.storyboard; name = Base; path = Base.lproj/Main.storyboard; sourceTree = "<group>"; };
		26FA48BF2214D0F000546C41 /* Assets.xcassets */ = {isa = PBXFileReference; lastKnownFileType = folder.assetcatalog; path = Assets.xcassets; sourceTree = "<group>"; };
		26FA48C22214D0F000546C41 /* Base */ = {isa = PBXFileReference; lastKnownFileType = file.storyboard; name = Base; path = Base.lproj/LaunchScreen.storyboard; sourceTree = "<group>"; };
		26FA48C42214D0F000546C41 /* Info.plist */ = {isa = PBXFileReference; lastKnownFileType = text.plist.xml; path = Info.plist; sourceTree = "<group>"; };
		26FA48C92214D0F000546C41 /* MacroTackerTests.xctest */ = {isa = PBXFileReference; explicitFileType = wrapper.cfbundle; includeInIndex = 0; path = MacroTackerTests.xctest; sourceTree = BUILT_PRODUCTS_DIR; };
		26FA48CD2214D0F000546C41 /* MacroTackerTests.swift */ = {isa = PBXFileReference; lastKnownFileType = sourcecode.swift; path = MacroTackerTests.swift; sourceTree = "<group>"; };
		26FA48CF2214D0F000546C41 /* Info.plist */ = {isa = PBXFileReference; lastKnownFileType = text.plist.xml; path = Info.plist; sourceTree = "<group>"; };
		26FA48D82214D13E00546C41 /* GoogleService-Info.plist */ = {isa = PBXFileReference; fileEncoding = 4; lastKnownFileType = text.plist.xml; path = "GoogleService-Info.plist"; sourceTree = "<group>"; };
		299F4AEA786D16DBB6219927 /* Pods_MacroTackerTests.framework */ = {isa = PBXFileReference; explicitFileType = wrapper.framework; includeInIndex = 0; path = Pods_MacroTackerTests.framework; sourceTree = BUILT_PRODUCTS_DIR; };
		3D7F6AC93F73C191A4578317 /* Pods-MacroTacker.release.xcconfig */ = {isa = PBXFileReference; includeInIndex = 1; lastKnownFileType = text.xcconfig; name = "Pods-MacroTacker.release.xcconfig"; path = "Target Support Files/Pods-MacroTacker/Pods-MacroTacker.release.xcconfig"; sourceTree = "<group>"; };
		5A8CD9C900067EE4C4C5B3DE /* Pods-MacroTacker.debug.xcconfig */ = {isa = PBXFileReference; includeInIndex = 1; lastKnownFileType = text.xcconfig; name = "Pods-MacroTacker.debug.xcconfig"; path = "Target Support Files/Pods-MacroTacker/Pods-MacroTacker.debug.xcconfig"; sourceTree = "<group>"; };
		75D31996F1A3069F2A7C97B7 /* Pods_MacroTacker.framework */ = {isa = PBXFileReference; explicitFileType = wrapper.framework; includeInIndex = 0; path = Pods_MacroTacker.framework; sourceTree = BUILT_PRODUCTS_DIR; };
		CE1DDBF7D8CD013F44C90F6A /* Pods-MacroTackerTests.release.xcconfig */ = {isa = PBXFileReference; includeInIndex = 1; lastKnownFileType = text.xcconfig; name = "Pods-MacroTackerTests.release.xcconfig"; path = "Target Support Files/Pods-MacroTackerTests/Pods-MacroTackerTests.release.xcconfig"; sourceTree = "<group>"; };
		EB89DB41CF1BF1CD625318B9 /* Pods-MacroTackerTests.debug.xcconfig */ = {isa = PBXFileReference; includeInIndex = 1; lastKnownFileType = text.xcconfig; name = "Pods-MacroTackerTests.debug.xcconfig"; path = "Target Support Files/Pods-MacroTackerTests/Pods-MacroTackerTests.debug.xcconfig"; sourceTree = "<group>"; };
/* End PBXFileReference section */

/* Begin PBXFrameworksBuildPhase section */
		26FA48B22214D0F000546C41 /* Frameworks */ = {
			isa = PBXFrameworksBuildPhase;
			buildActionMask = 2147483647;
			files = (
				7E497BF905C1BB6EBF14D10C /* Pods_MacroTacker.framework in Frameworks */,
			);
			runOnlyForDeploymentPostprocessing = 0;
		};
		26FA48C62214D0F000546C41 /* Frameworks */ = {
			isa = PBXFrameworksBuildPhase;
			buildActionMask = 2147483647;
			files = (
				7ED46BC106F8D3F9EA778907 /* Pods_MacroTackerTests.framework in Frameworks */,
			);
			runOnlyForDeploymentPostprocessing = 0;
		};
/* End PBXFrameworksBuildPhase section */

/* Begin PBXGroup section */
		26F478162214ED85008041A2 /* CustomViews */ = {
			isa = PBXGroup;
			children = (
				26F478182214EF3F008041A2 /* SAButton.swift */,
				26F478172214EF3F008041A2 /* SATextField.swift */,
			);
			path = CustomViews;
			sourceTree = "<group>";
		};
		26F47833221749B8008041A2 /* ViewControllers */ = {
			isa = PBXGroup;
			children = (
				26FA48BA2214D0F000546C41 /* ViewController.swift */,
				26F4782722151DF7008041A2 /* ViewController2.swift */,
				26F47830221747F7008041A2 /* ViewController3.swift */,
				26F4783522174EE8008041A2 /* ViewController4.swift */,
				26F4782A2215DE5C008041A2 /* ViewController5.swift */,
			);
			path = ViewControllers;
			sourceTree = "<group>";
		};
		26FA48AC2214D0F000546C41 = {
			isa = PBXGroup;
			children = (
				26FA48B72214D0F000546C41 /* MacroTacker */,
				26FA48CC2214D0F000546C41 /* MacroTackerTests */,
				26FA48B62214D0F000546C41 /* Products */,
				A20F820C87D4BA72E806C54E /* Pods */,
				55F30B5E69ACAB766D891E51 /* Frameworks */,
			);
			sourceTree = "<group>";
		};
		26FA48B62214D0F000546C41 /* Products */ = {
			isa = PBXGroup;
			children = (
				26FA48B52214D0F000546C41 /* MacroTacker.app */,
				26FA48C92214D0F000546C41 /* MacroTackerTests.xctest */,
			);
			name = Products;
			sourceTree = "<group>";
		};
		26FA48B72214D0F000546C41 /* MacroTacker */ = {
			isa = PBXGroup;
			children = (
				26F478162214ED85008041A2 /* CustomViews */,
				26FA48B82214D0F000546C41 /* AppDelegate.swift */,
				26F4782D2215FD99008041A2 /* Foods.swift */,
				26F47833221749B8008041A2 /* ViewControllers */,
				26FA48BC2214D0F000546C41 /* Main.storyboard */,
				26FA48BF2214D0F000546C41 /* Assets.xcassets */,
				26FA48C12214D0F000546C41 /* LaunchScreen.storyboard */,
				26FA48C42214D0F000546C41 /* Info.plist */,
				26FA48D82214D13E00546C41 /* GoogleService-Info.plist */,
			);
			path = MacroTacker;
			sourceTree = "<group>";
		};
		26FA48CC2214D0F000546C41 /* MacroTackerTests */ = {
			isa = PBXGroup;
			children = (
				26FA48CD2214D0F000546C41 /* MacroTackerTests.swift */,
				26FA48CF2214D0F000546C41 /* Info.plist */,
			);
			path = MacroTackerTests;
			sourceTree = "<group>";
		};
		55F30B5E69ACAB766D891E51 /* Frameworks */ = {
			isa = PBXGroup;
			children = (
				75D31996F1A3069F2A7C97B7 /* Pods_MacroTacker.framework */,
				299F4AEA786D16DBB6219927 /* Pods_MacroTackerTests.framework */,
			);
			name = Frameworks;
			sourceTree = "<group>";
		};
		A20F820C87D4BA72E806C54E /* Pods */ = {
			isa = PBXGroup;
			children = (
				5A8CD9C900067EE4C4C5B3DE /* Pods-MacroTacker.debug.xcconfig */,
				3D7F6AC93F73C191A4578317 /* Pods-MacroTacker.release.xcconfig */,
				EB89DB41CF1BF1CD625318B9 /* Pods-MacroTackerTests.debug.xcconfig */,
				CE1DDBF7D8CD013F44C90F6A /* Pods-MacroTackerTests.release.xcconfig */,
			);
			path = Pods;
			sourceTree = "<group>";
		};
/* End PBXGroup section */

/* Begin PBXNativeTarget section */
		26FA48B42214D0F000546C41 /* MacroTacker */ = {
			isa = PBXNativeTarget;
			buildConfigurationList = 26FA48D22214D0F000546C41 /* Build configuration list for PBXNativeTarget "MacroTacker" */;
			buildPhases = (
				334DCCB7EE5057A3BB5BA404 /* [CP] Check Pods Manifest.lock */,
				26FA48B12214D0F000546C41 /* Sources */,
				26FA48B22214D0F000546C41 /* Frameworks */,
				26FA48B32214D0F000546C41 /* Resources */,
				DA98DCB7217AFB02B9155A18 /* [CP] Embed Pods Frameworks */,
			);
			buildRules = (
			);
			dependencies = (
			);
			name = MacroTacker;
			productName = MacroTacker;
			productReference = 26FA48B52214D0F000546C41 /* MacroTacker.app */;
			productType = "com.apple.product-type.application";
		};
		26FA48C82214D0F000546C41 /* MacroTackerTests */ = {
			isa = PBXNativeTarget;
			buildConfigurationList = 26FA48D52214D0F000546C41 /* Build configuration list for PBXNativeTarget "MacroTackerTests" */;
			buildPhases = (
				B98140D812B36BB285A2DF46 /* [CP] Check Pods Manifest.lock */,
				26FA48C52214D0F000546C41 /* Sources */,
				26FA48C62214D0F000546C41 /* Frameworks */,
				26FA48C72214D0F000546C41 /* Resources */,
			);
			buildRules = (
			);
			dependencies = (
				26FA48CB2214D0F000546C41 /* PBXTargetDependency */,
			);
			name = MacroTackerTests;
			productName = MacroTackerTests;
			productReference = 26FA48C92214D0F000546C41 /* MacroTackerTests.xctest */;
			productType = "com.apple.product-type.bundle.unit-test";
		};
/* End PBXNativeTarget section */

/* Begin PBXProject section */
		26FA48AD2214D0F000546C41 /* Project object */ = {
			isa = PBXProject;
			attributes = {
				LastSwiftUpdateCheck = 1010;
				LastUpgradeCheck = 1010;
				ORGANIZATIONNAME = "Trevor Hecht";
				TargetAttributes = {
					26FA48B42214D0F000546C41 = {
						CreatedOnToolsVersion = 10.1;
					};
					26FA48C82214D0F000546C41 = {
						CreatedOnToolsVersion = 10.1;
						TestTargetID = 26FA48B42214D0F000546C41;
					};
				};
			};
			buildConfigurationList = 26FA48B02214D0F000546C41 /* Build configuration list for PBXProject "MacroTacker" */;
			compatibilityVersion = "Xcode 9.3";
			developmentRegion = en;
			hasScannedForEncodings = 0;
			knownRegions = (
				en,
				Base,
			);
			mainGroup = 26FA48AC2214D0F000546C41;
			productRefGroup = 26FA48B62214D0F000546C41 /* Products */;
			projectDirPath = "";
			projectRoot = "";
			targets = (
				26FA48B42214D0F000546C41 /* MacroTacker */,
				26FA48C82214D0F000546C41 /* MacroTackerTests */,
			);
		};
/* End PBXProject section */

/* Begin PBXResourcesBuildPhase section */
		26FA48B32214D0F000546C41 /* Resources */ = {
			isa = PBXResourcesBuildPhase;
			buildActionMask = 2147483647;
			files = (
				26FA48C32214D0F000546C41 /* LaunchScreen.storyboard in Resources */,
				26FA48D92214D13E00546C41 /* GoogleService-Info.plist in Resources */,
				26FA48C02214D0F000546C41 /* Assets.xcassets in Resources */,
				26FA48BE2214D0F000546C41 /* Main.storyboard in Resources */,
			);
			runOnlyForDeploymentPostprocessing = 0;
		};
		26FA48C72214D0F000546C41 /* Resources */ = {
			isa = PBXResourcesBuildPhase;
			buildActionMask = 2147483647;
			files = (
				26FA48DA2214D13E00546C41 /* GoogleService-Info.plist in Resources */,
			);
			runOnlyForDeploymentPostprocessing = 0;
		};
/* End PBXResourcesBuildPhase section */

/* Begin PBXShellScriptBuildPhase section */
		334DCCB7EE5057A3BB5BA404 /* [CP] Check Pods Manifest.lock */ = {
			isa = PBXShellScriptBuildPhase;
			buildActionMask = 2147483647;
			files = (
			);
			inputFileListPaths = (
			);
			inputPaths = (
				"${PODS_PODFILE_DIR_PATH}/Podfile.lock",
				"${PODS_ROOT}/Manifest.lock",
			);
			name = "[CP] Check Pods Manifest.lock";
			outputFileListPaths = (
			);
			outputPaths = (
				"$(DERIVED_FILE_DIR)/Pods-MacroTacker-checkManifestLockResult.txt",
			);
			runOnlyForDeploymentPostprocessing = 0;
			shellPath = /bin/sh;
			shellScript = "diff \"${PODS_PODFILE_DIR_PATH}/Podfile.lock\" \"${PODS_ROOT}/Manifest.lock\" > /dev/null\nif [ $? != 0 ] ; then\n    # print error to STDERR\n    echo \"error: The sandbox is not in sync with the Podfile.lock. Run 'pod install' or update your CocoaPods installation.\" >&2\n    exit 1\nfi\n# This output is used by Xcode 'outputs' to avoid re-running this script phase.\necho \"SUCCESS\" > \"${SCRIPT_OUTPUT_FILE_0}\"\n";
			showEnvVarsInLog = 0;
		};
		B98140D812B36BB285A2DF46 /* [CP] Check Pods Manifest.lock */ = {
			isa = PBXShellScriptBuildPhase;
			buildActionMask = 2147483647;
			files = (
			);
			inputFileListPaths = (
			);
			inputPaths = (
				"${PODS_PODFILE_DIR_PATH}/Podfile.lock",
				"${PODS_ROOT}/Manifest.lock",
			);
			name = "[CP] Check Pods Manifest.lock";
			outputFileListPaths = (
			);
			outputPaths = (
				"$(DERIVED_FILE_DIR)/Pods-MacroTackerTests-checkManifestLockResult.txt",
			);
			runOnlyForDeploymentPostprocessing = 0;
			shellPath = /bin/sh;
			shellScript = "diff \"${PODS_PODFILE_DIR_PATH}/Podfile.lock\" \"${PODS_ROOT}/Manifest.lock\" > /dev/null\nif [ $? != 0 ] ; then\n    # print error to STDERR\n    echo \"error: The sandbox is not in sync with the Podfile.lock. Run 'pod install' or update your CocoaPods installation.\" >&2\n    exit 1\nfi\n# This output is used by Xcode 'outputs' to avoid re-running this script phase.\necho \"SUCCESS\" > \"${SCRIPT_OUTPUT_FILE_0}\"\n";
			showEnvVarsInLog = 0;
		};
		DA98DCB7217AFB02B9155A18 /* [CP] Embed Pods Frameworks */ = {
			isa = PBXShellScriptBuildPhase;
			buildActionMask = 2147483647;
			files = (
			);
			inputFileListPaths = (
			);
			inputPaths = (
				"${PODS_ROOT}/Target Support Files/Pods-MacroTacker/Pods-MacroTacker-frameworks.sh",
				"${BUILT_PRODUCTS_DIR}/GoogleUtilities/GoogleUtilities.framework",
				"${BUILT_PRODUCTS_DIR}/leveldb-library/leveldb.framework",
				"${BUILT_PRODUCTS_DIR}/nanopb/nanopb.framework",
			);
			name = "[CP] Embed Pods Frameworks";
			outputFileListPaths = (
			);
			outputPaths = (
				"${TARGET_BUILD_DIR}/${FRAMEWORKS_FOLDER_PATH}/GoogleUtilities.framework",
				"${TARGET_BUILD_DIR}/${FRAMEWORKS_FOLDER_PATH}/leveldb.framework",
				"${TARGET_BUILD_DIR}/${FRAMEWORKS_FOLDER_PATH}/nanopb.framework",
			);
			runOnlyForDeploymentPostprocessing = 0;
			shellPath = /bin/sh;
			shellScript = "\"${PODS_ROOT}/Target Support Files/Pods-MacroTacker/Pods-MacroTacker-frameworks.sh\"\n";
			showEnvVarsInLog = 0;
		};
/* End PBXShellScriptBuildPhase section */

/* Begin PBXSourcesBuildPhase section */
		26FA48B12214D0F000546C41 /* Sources */ = {
			isa = PBXSourcesBuildPhase;
			buildActionMask = 2147483647;
			files = (
				26F4782822151DF7008041A2 /* ViewController2.swift in Sources */,
				26FA48BB2214D0F000546C41 /* ViewController.swift in Sources */,
				26F4781A2214EF3F008041A2 /* SAButton.swift in Sources */,
				26F4782E2215FD99008041A2 /* Foods.swift in Sources */,
				26F4783622174EE8008041A2 /* ViewController4.swift in Sources */,
				26FA48B92214D0F000546C41 /* AppDelegate.swift in Sources */,
				26F4782B2215DE5C008041A2 /* ViewController5.swift in Sources */,
				26F478192214EF3F008041A2 /* SATextField.swift in Sources */,
				26F47831221747F7008041A2 /* ViewController3.swift in Sources */,
			);
			runOnlyForDeploymentPostprocessing = 0;
		};
		26FA48C52214D0F000546C41 /* Sources */ = {
			isa = PBXSourcesBuildPhase;
			buildActionMask = 2147483647;
			files = (
				26F47834221749E9008041A2 /* ViewController.swift in Sources */,
				26F4783722174EE8008041A2 /* ViewController4.swift in Sources */,
				26FA48CE2214D0F000546C41 /* MacroTackerTests.swift in Sources */,
				26F4782F2215FD99008041A2 /* Foods.swift in Sources */,
				26F4782C2215DE5C008041A2 /* ViewController5.swift in Sources */,
				26F4782922151DF7008041A2 /* ViewController2.swift in Sources */,
				26F47832221747F7008041A2 /* ViewController3.swift in Sources */,
			);
			runOnlyForDeploymentPostprocessing = 0;
		};
/* End PBXSourcesBuildPhase section */

/* Begin PBXTargetDependency section */
		26FA48CB2214D0F000546C41 /* PBXTargetDependency */ = {
			isa = PBXTargetDependency;
			target = 26FA48B42214D0F000546C41 /* MacroTacker */;
			targetProxy = 26FA48CA2214D0F000546C41 /* PBXContainerItemProxy */;
		};
/* End PBXTargetDependency section */

/* Begin PBXVariantGroup section */
		26FA48BC2214D0F000546C41 /* Main.storyboard */ = {
			isa = PBXVariantGroup;
			children = (
				26FA48BD2214D0F000546C41 /* Base */,
			);
			name = Main.storyboard;
			sourceTree = "<group>";
		};
		26FA48C12214D0F000546C41 /* LaunchScreen.storyboard */ = {
			isa = PBXVariantGroup;
			children = (
				26FA48C22214D0F000546C41 /* Base */,
			);
			name = LaunchScreen.storyboard;
			sourceTree = "<group>";
		};
/* End PBXVariantGroup section */

/* Begin XCBuildConfiguration section */
		26FA48D02214D0F000546C41 /* Debug */ = {
			isa = XCBuildConfiguration;
			buildSettings = {
				ALWAYS_SEARCH_USER_PATHS = NO;
				CLANG_ANALYZER_NONNULL = YES;
				CLANG_ANALYZER_NUMBER_OBJECT_CONVERSION = YES_AGGRESSIVE;
				CLANG_CXX_LANGUAGE_STANDARD = "gnu++14";
				CLANG_CXX_LIBRARY = "libc++";
				CLANG_ENABLE_MODULES = YES;
				CLANG_ENABLE_OBJC_ARC = YES;
				CLANG_ENABLE_OBJC_WEAK = YES;
				CLANG_WARN_BLOCK_CAPTURE_AUTORELEASING = YES;
				CLANG_WARN_BOOL_CONVERSION = YES;
				CLANG_WARN_COMMA = YES;
				CLANG_WARN_CONSTANT_CONVERSION = YES;
				CLANG_WARN_DEPRECATED_OBJC_IMPLEMENTATIONS = YES;
				CLANG_WARN_DIRECT_OBJC_ISA_USAGE = YES_ERROR;
				CLANG_WARN_DOCUMENTATION_COMMENTS = YES;
				CLANG_WARN_EMPTY_BODY = YES;
				CLANG_WARN_ENUM_CONVERSION = YES;
				CLANG_WARN_INFINITE_RECURSION = YES;
				CLANG_WARN_INT_CONVERSION = YES;
				CLANG_WARN_NON_LITERAL_NULL_CONVERSION = YES;
				CLANG_WARN_OBJC_IMPLICIT_RETAIN_SELF = YES;
				CLANG_WARN_OBJC_LITERAL_CONVERSION = YES;
				CLANG_WARN_OBJC_ROOT_CLASS = YES_ERROR;
				CLANG_WARN_RANGE_LOOP_ANALYSIS = YES;
				CLANG_WARN_STRICT_PROTOTYPES = YES;
				CLANG_WARN_SUSPICIOUS_MOVE = YES;
				CLANG_WARN_UNGUARDED_AVAILABILITY = YES_AGGRESSIVE;
				CLANG_WARN_UNREACHABLE_CODE = YES;
				CLANG_WARN__DUPLICATE_METHOD_MATCH = YES;
				CODE_SIGN_IDENTITY = "iPhone Developer";
				COPY_PHASE_STRIP = NO;
				DEBUG_INFORMATION_FORMAT = dwarf;
				ENABLE_STRICT_OBJC_MSGSEND = YES;
				ENABLE_TESTABILITY = YES;
				GCC_C_LANGUAGE_STANDARD = gnu11;
				GCC_DYNAMIC_NO_PIC = NO;
				GCC_NO_COMMON_BLOCKS = YES;
				GCC_OPTIMIZATION_LEVEL = 0;
				GCC_PREPROCESSOR_DEFINITIONS = (
					"DEBUG=1",
					"$(inherited)",
				);
				GCC_WARN_64_TO_32_BIT_CONVERSION = YES;
				GCC_WARN_ABOUT_RETURN_TYPE = YES_ERROR;
				GCC_WARN_UNDECLARED_SELECTOR = YES;
				GCC_WARN_UNINITIALIZED_AUTOS = YES_AGGRESSIVE;
				GCC_WARN_UNUSED_FUNCTION = YES;
				GCC_WARN_UNUSED_VARIABLE = YES;
				IPHONEOS_DEPLOYMENT_TARGET = 12.1;
				MTL_ENABLE_DEBUG_INFO = INCLUDE_SOURCE;
				MTL_FAST_MATH = YES;
				ONLY_ACTIVE_ARCH = YES;
				SDKROOT = iphoneos;
				SWIFT_ACTIVE_COMPILATION_CONDITIONS = DEBUG;
				SWIFT_OPTIMIZATION_LEVEL = "-Onone";
			};
			name = Debug;
		};
		26FA48D12214D0F000546C41 /* Release */ = {
			isa = XCBuildConfiguration;
			buildSettings = {
				ALWAYS_SEARCH_USER_PATHS = NO;
				CLANG_ANALYZER_NONNULL = YES;
				CLANG_ANALYZER_NUMBER_OBJECT_CONVERSION = YES_AGGRESSIVE;
				CLANG_CXX_LANGUAGE_STANDARD = "gnu++14";
				CLANG_CXX_LIBRARY = "libc++";
				CLANG_ENABLE_MODULES = YES;
				CLANG_ENABLE_OBJC_ARC = YES;
				CLANG_ENABLE_OBJC_WEAK = YES;
				CLANG_WARN_BLOCK_CAPTURE_AUTORELEASING = YES;
				CLANG_WARN_BOOL_CONVERSION = YES;
				CLANG_WARN_COMMA = YES;
				CLANG_WARN_CONSTANT_CONVERSION = YES;
				CLANG_WARN_DEPRECATED_OBJC_IMPLEMENTATIONS = YES;
				CLANG_WARN_DIRECT_OBJC_ISA_USAGE = YES_ERROR;
				CLANG_WARN_DOCUMENTATION_COMMENTS = YES;
				CLANG_WARN_EMPTY_BODY = YES;
				CLANG_WARN_ENUM_CONVERSION = YES;
				CLANG_WARN_INFINITE_RECURSION = YES;
				CLANG_WARN_INT_CONVERSION = YES;
				CLANG_WARN_NON_LITERAL_NULL_CONVERSION = YES;
				CLANG_WARN_OBJC_IMPLICIT_RETAIN_SELF = YES;
				CLANG_WARN_OBJC_LITERAL_CONVERSION = YES;
				CLANG_WARN_OBJC_ROOT_CLASS = YES_ERROR;
				CLANG_WARN_RANGE_LOOP_ANALYSIS = YES;
				CLANG_WARN_STRICT_PROTOTYPES = YES;
				CLANG_WARN_SUSPICIOUS_MOVE = YES;
				CLANG_WARN_UNGUARDED_AVAILABILITY = YES_AGGRESSIVE;
				CLANG_WARN_UNREACHABLE_CODE = YES;
				CLANG_WARN__DUPLICATE_METHOD_MATCH = YES;
				CODE_SIGN_IDENTITY = "iPhone Developer";
				COPY_PHASE_STRIP = NO;
				DEBUG_INFORMATION_FORMAT = "dwarf-with-dsym";
				ENABLE_NS_ASSERTIONS = NO;
				ENABLE_STRICT_OBJC_MSGSEND = YES;
				GCC_C_LANGUAGE_STANDARD = gnu11;
				GCC_NO_COMMON_BLOCKS = YES;
				GCC_WARN_64_TO_32_BIT_CONVERSION = YES;
				GCC_WARN_ABOUT_RETURN_TYPE = YES_ERROR;
				GCC_WARN_UNDECLARED_SELECTOR = YES;
				GCC_WARN_UNINITIALIZED_AUTOS = YES_AGGRESSIVE;
				GCC_WARN_UNUSED_FUNCTION = YES;
				GCC_WARN_UNUSED_VARIABLE = YES;
				IPHONEOS_DEPLOYMENT_TARGET = 12.1;
				MTL_ENABLE_DEBUG_INFO = NO;
				MTL_FAST_MATH = YES;
				SDKROOT = iphoneos;
				SWIFT_COMPILATION_MODE = wholemodule;
				SWIFT_OPTIMIZATION_LEVEL = "-O";
				VALIDATE_PRODUCT = YES;
			};
			name = Release;
		};
		26FA48D32214D0F000546C41 /* Debug */ = {
			isa = XCBuildConfiguration;
			baseConfigurationReference = 5A8CD9C900067EE4C4C5B3DE /* Pods-MacroTacker.debug.xcconfig */;
			buildSettings = {
				ASSETCATALOG_COMPILER_APPICON_NAME = AppIcon;
				CODE_SIGN_STYLE = Automatic;
				INFOPLIST_FILE = MacroTacker/Info.plist;
				LD_RUNPATH_SEARCH_PATHS = (
					"$(inherited)",
					"@executable_path/Frameworks",
				);
				PRODUCT_BUNDLE_IDENTIFIER = com.prac.MacroTacker;
				PRODUCT_NAME = "$(TARGET_NAME)";
				SWIFT_VERSION = 4.2;
				TARGETED_DEVICE_FAMILY = "1,2";
			};
			name = Debug;
		};
		26FA48D42214D0F000546C41 /* Release */ = {
			isa = XCBuildConfiguration;
			baseConfigurationReference = 3D7F6AC93F73C191A4578317 /* Pods-MacroTacker.release.xcconfig */;
			buildSettings = {
				ASSETCATALOG_COMPILER_APPICON_NAME = AppIcon;
				CODE_SIGN_STYLE = Automatic;
				INFOPLIST_FILE = MacroTacker/Info.plist;
				LD_RUNPATH_SEARCH_PATHS = (
					"$(inherited)",
					"@executable_path/Frameworks",
				);
				PRODUCT_BUNDLE_IDENTIFIER = com.prac.MacroTacker;
				PRODUCT_NAME = "$(TARGET_NAME)";
				SWIFT_VERSION = 4.2;
				TARGETED_DEVICE_FAMILY = "1,2";
			};
			name = Release;
		};
		26FA48D62214D0F000546C41 /* Debug */ = {
			isa = XCBuildConfiguration;
			baseConfigurationReference = EB89DB41CF1BF1CD625318B9 /* Pods-MacroTackerTests.debug.xcconfig */;
			buildSettings = {
				ALWAYS_EMBED_SWIFT_STANDARD_LIBRARIES = YES;
				BUNDLE_LOADER = "$(TEST_HOST)";
				CODE_SIGN_STYLE = Automatic;
				INFOPLIST_FILE = MacroTackerTests/Info.plist;
				LD_RUNPATH_SEARCH_PATHS = (
					"$(inherited)",
					"@executable_path/Frameworks",
					"@loader_path/Frameworks",
				);
				PRODUCT_BUNDLE_IDENTIFIER = com.prac.MacroTackerTests;
				PRODUCT_NAME = "$(TARGET_NAME)";
				SWIFT_VERSION = 4.2;
				TARGETED_DEVICE_FAMILY = "1,2";
				TEST_HOST = "$(BUILT_PRODUCTS_DIR)/MacroTacker.app/MacroTacker";
			};
			name = Debug;
		};
		26FA48D72214D0F000546C41 /* Release */ = {
			isa = XCBuildConfiguration;
			baseConfigurationReference = CE1DDBF7D8CD013F44C90F6A /* Pods-MacroTackerTests.release.xcconfig */;
			buildSettings = {
				ALWAYS_EMBED_SWIFT_STANDARD_LIBRARIES = YES;
				BUNDLE_LOADER = "$(TEST_HOST)";
				CODE_SIGN_STYLE = Automatic;
				INFOPLIST_FILE = MacroTackerTests/Info.plist;
				LD_RUNPATH_SEARCH_PATHS = (
					"$(inherited)",
					"@executable_path/Frameworks",
					"@loader_path/Frameworks",
				);
				PRODUCT_BUNDLE_IDENTIFIER = com.prac.MacroTackerTests;
				PRODUCT_NAME = "$(TARGET_NAME)";
				SWIFT_VERSION = 4.2;
				TARGETED_DEVICE_FAMILY = "1,2";
				TEST_HOST = "$(BUILT_PRODUCTS_DIR)/MacroTacker.app/MacroTacker";
			};
			name = Release;
		};
/* End XCBuildConfiguration section */

/* Begin XCConfigurationList section */
		26FA48B02214D0F000546C41 /* Build configuration list for PBXProject "MacroTacker" */ = {
			isa = XCConfigurationList;
			buildConfigurations = (
				26FA48D02214D0F000546C41 /* Debug */,
				26FA48D12214D0F000546C41 /* Release */,
			);
			defaultConfigurationIsVisible = 0;
			defaultConfigurationName = Release;
		};
		26FA48D22214D0F000546C41 /* Build configuration list for PBXNativeTarget "MacroTacker" */ = {
			isa = XCConfigurationList;
			buildConfigurations = (
				26FA48D32214D0F000546C41 /* Debug */,
				26FA48D42214D0F000546C41 /* Release */,
			);
			defaultConfigurationIsVisible = 0;
			defaultConfigurationName = Release;
		};
		26FA48D52214D0F000546C41 /* Build configuration list for PBXNativeTarget "MacroTackerTests" */ = {
			isa = XCConfigurationList;
			buildConfigurations = (
				26FA48D62214D0F000546C41 /* Debug */,
				26FA48D72214D0F000546C41 /* Release */,
			);
			defaultConfigurationIsVisible = 0;
			defaultConfigurationName = Release;
		};
/* End XCConfigurationList section */
	};
	rootObject = 26FA48AD2214D0F000546C41 /* Project object */;
}
